
Microsoft Visual Studio Solution File, Format Version 12.00
# Visual Studio 15
VisualStudioVersion = 15.0.28307.271
MinimumVisualStudioVersion = 10.0.40219.1
Project("{FAE04EC0-301F-11D3-BF4B-00C04F79EFBC}") = "QuizMerge", "QuizMerge\QuizMerge.csproj", "{6778BD9E-338D-4DC2-A987-5DDF19734ECF}"
EndProject
Global
	GlobalSection(SolutionConfigurationPlatforms) = preSolution
		Debug|Any CPU = Debug|Any CPU
		Release|Any CPU = Release|Any CPU
	EndGlobalSection
	GlobalSection(ProjectConfigurationPlatforms) = postSolution
		{6778BD9E-338D-4DC2-A987-5DDF19734ECF}.Debug|Any CPU.ActiveCfg = Debug|Any CPU
		{6778BD9E-338D-4DC2-A987-5DDF19734ECF}.Debug|Any CPU.Build.0 = Debug|Any CPU
		{6778BD9E-338D-4DC2-A987-5DDF19734ECF}.Release|Any CPU.ActiveCfg = Release|Any CPU
		{6778BD9E-338D-4DC2-A987-5DDF19734ECF}.Release|Any CPU.Build.0 = Release|Any CPU
	EndGlobalSection
	GlobalSection(SolutionProperties) = preSolution
		HideSolutionNode = FALSE
	EndGlobalSection
	GlobalSection(ExtensibilityGlobals) = postSolution
		SolutionGuid = {648A71F1-08E7-46EB-B207-F84E6A2744AB}
	EndGlobalSection
EndGlobal
